
Microsoft Visual Studio Solution File, Format Version 12.00
# Visual Studio Version 16
VisualStudioVersion = 16.0.31105.61
MinimumVisualStudioVersion = 10.0.40219.1
Project("{8BC9CEB8-8B4A-11D0-8D11-00A0C91BC942}") = "31 C++常用拷贝和替换算法", "31 C++常用拷贝和替换算法.vcxproj", "{BA74750A-5084-47CA-9D9F-AAFF30893381}"
EndProject
Global
	GlobalSection(SolutionConfigurationPlatforms) = preSolution
		Debug|x64 = Debug|x64
		Debug|x86 = Debug|x86
		Release|x64 = Release|x64
		Release|x86 = Release|x86
	EndGlobalSection
	GlobalSection(ProjectConfigurationPlatforms) = postSolution
		{BA74750A-5084-47CA-9D9F-AAFF30893381}.Debug|x64.ActiveCfg = Debug|x64
		{BA74750A-5084-47CA-9D9F-AAFF30893381}.Debug|x64.Build.0 = Debug|x64
		{BA74750A-5084-47CA-9D9F-AAFF30893381}.Debug|x86.ActiveCfg = Debug|Win32
		{BA74750A-5084-47CA-9D9F-AAFF30893381}.Debug|x86.Build.0 = Debug|Win32
		{BA74750A-5084-47CA-9D9F-AAFF30893381}.Release|x64.ActiveCfg = Release|x64
		{BA74750A-5084-47CA-9D9F-AAFF30893381}.Release|x64.Build.0 = Release|x64
		{BA74750A-5084-47CA-9D9F-AAFF30893381}.Release|x86.ActiveCfg = Release|Win32
		{BA74750A-5084-47CA-9D9F-AAFF30893381}.Release|x86.Build.0 = Release|Win32
	EndGlobalSection
	GlobalSection(SolutionProperties) = preSolution
		HideSolutionNode = FALSE
	EndGlobalSection
	GlobalSection(ExtensibilityGlobals) = postSolution
		SolutionGuid = {F5D80686-3A78-4EF3-BF25-5179EDE4D6BC}
	EndGlobalSection
EndGlobal
