
Microsoft Visual Studio Solution File, Format Version 12.00
# Visual Studio Version 16
VisualStudioVersion = 16.0.31105.61
MinimumVisualStudioVersion = 10.0.40219.1
Project("{8BC9CEB8-8B4A-11D0-8D11-00A0C91BC942}") = "26 C++STL函数对象", "26 C++STL函数对象.vcxproj", "{159A3C79-1615-470E-9364-5CF3D8EC975B}"
EndProject
Global
	GlobalSection(SolutionConfigurationPlatforms) = preSolution
		Debug|x64 = Debug|x64
		Debug|x86 = Debug|x86
		Release|x64 = Release|x64
		Release|x86 = Release|x86
	EndGlobalSection
	GlobalSection(ProjectConfigurationPlatforms) = postSolution
		{159A3C79-1615-470E-9364-5CF3D8EC975B}.Debug|x64.ActiveCfg = Debug|x64
		{159A3C79-1615-470E-9364-5CF3D8EC975B}.Debug|x64.Build.0 = Debug|x64
		{159A3C79-1615-470E-9364-5CF3D8EC975B}.Debug|x86.ActiveCfg = Debug|Win32
		{159A3C79-1615-470E-9364-5CF3D8EC975B}.Debug|x86.Build.0 = Debug|Win32
		{159A3C79-1615-470E-9364-5CF3D8EC975B}.Release|x64.ActiveCfg = Release|x64
		{159A3C79-1615-470E-9364-5CF3D8EC975B}.Release|x64.Build.0 = Release|x64
		{159A3C79-1615-470E-9364-5CF3D8EC975B}.Release|x86.ActiveCfg = Release|Win32
		{159A3C79-1615-470E-9364-5CF3D8EC975B}.Release|x86.Build.0 = Release|Win32
	EndGlobalSection
	GlobalSection(SolutionProperties) = preSolution
		HideSolutionNode = FALSE
	EndGlobalSection
	GlobalSection(ExtensibilityGlobals) = postSolution
		SolutionGuid = {BA6C39B4-0580-4185-A68B-65E315BF2661}
	EndGlobalSection
EndGlobal
